
Microsoft Visual Studio Solution File, Format Version 12.00
# Visual Studio Version 17
VisualStudioVersion = 17.0.32014.148
MinimumVisualStudioVersion = 10.0.40219.1
Project("{FAE04EC0-301F-11D3-BF4B-00C04F79EFBC}") = "2DV513A3", "2DV513A3.csproj", "{0E85DC56-CAE3-4FBA-8E56-3758AEA2126C}"
EndProject
Global
	GlobalSection(SolutionConfigurationPlatforms) = preSolution
		Debug|Any CPU = Debug|Any CPU
		Release|Any CPU = Release|Any CPU
	EndGlobalSection
	GlobalSection(ProjectConfigurationPlatforms) = postSolution
		{0E85DC56-CAE3-4FBA-8E56-3758AEA2126C}.Debug|Any CPU.ActiveCfg = Debug|Any CPU
		{0E85DC56-CAE3-4FBA-8E56-3758AEA2126C}.Debug|Any CPU.Build.0 = Debug|Any CPU
		{0E85DC56-CAE3-4FBA-8E56-3758AEA2126C}.Release|Any CPU.ActiveCfg = Release|Any CPU
		{0E85DC56-CAE3-4FBA-8E56-3758AEA2126C}.Release|Any CPU.Build.0 = Release|Any CPU
	EndGlobalSection
	GlobalSection(SolutionProperties) = preSolution
		HideSolutionNode = FALSE
	EndGlobalSection
	GlobalSection(ExtensibilityGlobals) = postSolution
		SolutionGuid = {21B3257F-9B72-41B0-9646-F36A7F152D69}
	EndGlobalSection
EndGlobal
